
Microsoft Visual Studio Solution File, Format Version 12.00
# Visual Studio Version 17
VisualStudioVersion = 17.12.35707.178 d17.12
MinimumVisualStudioVersion = 10.0.40219.1
Project("{FAE04EC0-301F-11D3-BF4B-00C04F79EFBC}") = "SQA_02", "SQA_02\SQA_02.csproj", "{2D0AD98F-60B1-4363-956C-846C189846DF}"
EndProject
Project("{FAE04EC0-301F-11D3-BF4B-00C04F79EFBC}") = "ProductTests", "TestProject1\ProductTests.csproj", "{BFC87845-E415-46F0-ACAB-6685C772A558}"
EndProject
Global
	GlobalSection(SolutionConfigurationPlatforms) = preSolution
		Debug|Any CPU = Debug|Any CPU
		Release|Any CPU = Release|Any CPU
	EndGlobalSection
	GlobalSection(ProjectConfigurationPlatforms) = postSolution
		{2D0AD98F-60B1-4363-956C-846C189846DF}.Debug|Any CPU.ActiveCfg = Debug|Any CPU
		{2D0AD98F-60B1-4363-956C-846C189846DF}.Debug|Any CPU.Build.0 = Debug|Any CPU
		{2D0AD98F-60B1-4363-956C-846C189846DF}.Release|Any CPU.ActiveCfg = Release|Any CPU
		{2D0AD98F-60B1-4363-956C-846C189846DF}.Release|Any CPU.Build.0 = Release|Any CPU
		{BFC87845-E415-46F0-ACAB-6685C772A558}.Debug|Any CPU.ActiveCfg = Debug|Any CPU
		{BFC87845-E415-46F0-ACAB-6685C772A558}.Debug|Any CPU.Build.0 = Debug|Any CPU
		{BFC87845-E415-46F0-ACAB-6685C772A558}.Release|Any CPU.ActiveCfg = Release|Any CPU
		{BFC87845-E415-46F0-ACAB-6685C772A558}.Release|Any CPU.Build.0 = Release|Any CPU
	EndGlobalSection
	GlobalSection(SolutionProperties) = preSolution
		HideSolutionNode = FALSE
	EndGlobalSection
EndGlobal
